
Microsoft Visual Studio Solution File, Format Version 12.00
# Visual Studio Version 17
VisualStudioVersion = 17.5.002.0
MinimumVisualStudioVersion = 10.0.40219.1
Project("{9A19103F-16F7-4668-BE54-9A1E7A4F7556}") = "BlazorSignalRApp", "BlazorSignalRApp\BlazorSignalRApp.csproj", "{FF62BDE9-EC0D-493D-8C0C-0B57A0FB75DC}"
EndProject
Global
	GlobalSection(SolutionConfigurationPlatforms) = preSolution
		Debug|Any CPU = Debug|Any CPU
		Release|Any CPU = Release|Any CPU
	EndGlobalSection
	GlobalSection(ProjectConfigurationPlatforms) = postSolution
		{FF62BDE9-EC0D-493D-8C0C-0B57A0FB75DC}.Debug|Any CPU.ActiveCfg = Debug|Any CPU
		{FF62BDE9-EC0D-493D-8C0C-0B57A0FB75DC}.Debug|Any CPU.Build.0 = Debug|Any CPU
		{FF62BDE9-EC0D-493D-8C0C-0B57A0FB75DC}.Release|Any CPU.ActiveCfg = Release|Any CPU
		{FF62BDE9-EC0D-493D-8C0C-0B57A0FB75DC}.Release|Any CPU.Build.0 = Release|Any CPU
	EndGlobalSection
	GlobalSection(SolutionProperties) = preSolution
		HideSolutionNode = FALSE
	EndGlobalSection
	GlobalSection(ExtensibilityGlobals) = postSolution
		SolutionGuid = {2DD6FEEB-2107-4006-9648-FA4E057EAE89}
	EndGlobalSection
EndGlobal
